# -------------------------------------------------------------------------- #
# Quartus Prime - Lab4 PERFORMANCE revision
# Top = perf_wrapper : pure combinational ALU confined between input/output
# registers (Figure 1). No pin assignments, no SignalTap.
# Used to measure the combinational subpart f_max and critical path.
# -------------------------------------------------------------------------- #

set_global_assignment -name FAMILY "Cyclone IV E"
set_global_assignment -name DEVICE EP4CE115F29C7
set_global_assignment -name TOP_LEVEL_ENTITY perf_wrapper
set_global_assignment -name ORIGINAL_QUARTUS_VERSION 21.1.0
set_global_assignment -name LAST_QUARTUS_VERSION "21.1.0 Lite Edition"
set_global_assignment -name PROJECT_OUTPUT_DIRECTORY output_files
set_global_assignment -name MIN_CORE_JUNCTION_TEMP 0
set_global_assignment -name MAX_CORE_JUNCTION_TEMP 85
set_global_assignment -name ERROR_CHECK_FREQUENCY_DIVISOR 1
set_global_assignment -name NOMINAL_CORE_SUPPLY_VOLTAGE 1.2V

# --- Only the files needed by perf_wrapper (combinational ALU) ---
set_global_assignment -name SDC_FILE Lab4_perf.sdc
set_global_assignment -name VHDL_FILE ../DUT/aux_package.vhd
set_global_assignment -name VHDL_FILE ../DUT/FA.vhd
set_global_assignment -name VHDL_FILE ../DUT/AdderSub.vhd
set_global_assignment -name VHDL_FILE ../DUT/Logic.vhd
set_global_assignment -name VHDL_FILE ../DUT/Shifter.vhd
set_global_assignment -name VHDL_FILE ../DUT/top.vhd
set_global_assignment -name VHDL_FILE ../DUT/perf_wrapper.vhd

set_global_assignment -name POWER_PRESET_COOLING_SOLUTION "23 MM HEAT SINK WITH 200 LFPM AIRFLOW"
set_global_assignment -name POWER_BOARD_THERMAL_MODEL "NONE (CONSERVATIVE)"
set_global_assignment -name PARTITION_NETLIST_TYPE SOURCE -section_id Top
set_global_assignment -name PARTITION_FITTER_PRESERVATION_LEVEL PLACEMENT_AND_ROUTING -section_id Top
set_global_assignment -name PARTITION_COLOR 16764057 -section_id Top

set_instance_assignment -name PARTITION_HIERARCHY root_partition -to | -section_id Top